
Microsoft Visual Studio Solution File, Format Version 12.00
# Visual Studio Version 17
VisualStudioVersion = 17.2.32616.157
MinimumVisualStudioVersion = 10.0.40219.1
Project("{FAE04EC0-301F-11D3-BF4B-00C04F79EFBC}") = "ProjetoPessoa", "ProjetoPessoa\ProjetoPessoa.csproj", "{ADBE3172-BCD4-4AB5-A2CF-570CABDA5ABE}"
EndProject
Global
	GlobalSection(SolutionConfigurationPlatforms) = preSolution
		Debug|Any CPU = Debug|Any CPU
		Release|Any CPU = Release|Any CPU
	EndGlobalSection
	GlobalSection(ProjectConfigurationPlatforms) = postSolution
		{ADBE3172-BCD4-4AB5-A2CF-570CABDA5ABE}.Debug|Any CPU.ActiveCfg = Debug|Any CPU
		{ADBE3172-BCD4-4AB5-A2CF-570CABDA5ABE}.Debug|Any CPU.Build.0 = Debug|Any CPU
		{ADBE3172-BCD4-4AB5-A2CF-570CABDA5ABE}.Release|Any CPU.ActiveCfg = Release|Any CPU
		{ADBE3172-BCD4-4AB5-A2CF-570CABDA5ABE}.Release|Any CPU.Build.0 = Release|Any CPU
	EndGlobalSection
	GlobalSection(SolutionProperties) = preSolution
		HideSolutionNode = FALSE
	EndGlobalSection
	GlobalSection(ExtensibilityGlobals) = postSolution
		SolutionGuid = {DC337DCD-8EAE-4E83-9595-71D92D2B7D22}
	EndGlobalSection
EndGlobal
